{
  "lockfileVersion": 1,
  "configVersion": 1,
  "workspaces": {
    "": {
      "name": "jsnchn.com",
      "dependencies": {
        "@jsnchn/buntastic": "^0.3.1",
      },
    },
  },
  "packages": {
    "@jsnchn/buntastic": ["@jsnchn/buntastic@0.3.1", "", { "bin": { "buntastic": "src/index.ts" } }, "sha512-FTyQ6PRTvY+/s5B7m6G+VXH1r8phfhZ17ljDztuWQIYE/n1XlpxpyXwb4NwB4DQgS1763EJgSHC4uKttVzrkZA=="],
  }
}
