{
  "lockfileVersion": 1,
  "configVersion": 1,
  "workspaces": {
    "": {
      "name": "jsnchn.com",
      "dependencies": {
        "@jsnchn/buntastic": "^0.0.5",
      },
    },
  },
  "packages": {
    "@jsnchn/buntastic": ["@jsnchn/buntastic@0.0.5", "", { "bin": { "buntastic": "src/index.ts" } }, "sha512-+xun2+Zr46iBUdffbxl4U2yiMEPb4FKpmdsnDymeQMso87FjYwNZwo/eaLrCFa3jk8Jmde1KstIxSy+3CzBJfA=="],
  }
}
